
Microsoft Visual Studio Solution File, Format Version 12.00
# Visual Studio Version 17
VisualStudioVersion = 17.5.33414.496
MinimumVisualStudioVersion = 10.0.40219.1
Project("{9A19103F-16F7-4668-BE54-9A1E7A4F7556}") = "MS.AFORO255.Security", "MS.AFORO255.Security\MS.AFORO255.Security.csproj", "{8E6E7055-E1F0-45AE-A4A7-552FCF3FDCEA}"
EndProject
Project("{9A19103F-16F7-4668-BE54-9A1E7A4F7556}") = "MS.AFORO255.Account", "MS.AFORO255.Account\MS.AFORO255.Account.csproj", "{80D2754D-6AE2-4487-BCA3-10A218D31231}"
EndProject
Project("{9A19103F-16F7-4668-BE54-9A1E7A4F7556}") = "MS.AFORO255.Deposit", "MS.AFORO255.Deposit\MS.AFORO255.Deposit.csproj", "{EC6AC0DF-DD14-4F32-9C99-956D0DD51441}"
EndProject
Project("{9A19103F-16F7-4668-BE54-9A1E7A4F7556}") = "MS.AFORO255.Withdrawal", "MS.AFORO255.Withdrawal\MS.AFORO255.Withdrawal.csproj", "{841A99F3-31E0-41D1-BAFB-FC680FB0F2B6}"
EndProject
Project("{9A19103F-16F7-4668-BE54-9A1E7A4F7556}") = "MS.AFORO255.History", "MS.AFORO255.History\MS.AFORO255.History.csproj", "{844C92D9-4D1C-4784-8133-B6EDD0D7500A}"
EndProject
Project("{9A19103F-16F7-4668-BE54-9A1E7A4F7556}") = "MS.AFORO255.Notification", "MS.AFORO255.Notification\MS.AFORO255.Notification.csproj", "{B5C45AEC-E41F-4F4D-844A-9C3DE5963935}"
EndProject
Project("{2150E333-8FDC-42A3-9474-1A3956D46DE8}") = "Solution Items", "Solution Items", "{10BF2CE6-176F-46EE-9D7F-7E5BE7C271AE}"
	ProjectSection(SolutionItems) = preProject
		docker-compose-databases.yml = docker-compose-databases.yml
		docker-compose-services.yml = docker-compose-services.yml
	EndProjectSection
EndProject
Project("{2150E333-8FDC-42A3-9474-1A3956D46DE8}") = "Integrations", "Integrations", "{F826DC41-0CFD-4541-861A-BCF217DA5C00}"
EndProject
Project("{2150E333-8FDC-42A3-9474-1A3956D46DE8}") = "Projects", "Projects", "{5CAC4D9F-7F8D-461F-8523-F23BDAC742EB}"
EndProject
Project("{2150E333-8FDC-42A3-9474-1A3956D46DE8}") = "Kong", "Kong", "{6AB68530-D8C1-4C60-B7CD-AC3B85556268}"
EndProject
Project("{2150E333-8FDC-42A3-9474-1A3956D46DE8}") = "Gateway", "Gateway", "{CF6CF204-87F6-4F22-95EF-80761042CCFF}"
EndProject
Project("{2150E333-8FDC-42A3-9474-1A3956D46DE8}") = "Cross", "Cross", "{EA7FF12F-3FC2-43B5-94B4-FB1FE5644C25}"
EndProject
Project("{2150E333-8FDC-42A3-9474-1A3956D46DE8}") = "Microservices", "Microservices", "{01156AAD-9395-4C3F-9904-9BE2BE1D254F}"
EndProject
Global
	GlobalSection(SolutionConfigurationPlatforms) = preSolution
		Debug|Any CPU = Debug|Any CPU
		Release|Any CPU = Release|Any CPU
	EndGlobalSection
	GlobalSection(ProjectConfigurationPlatforms) = postSolution
		{8E6E7055-E1F0-45AE-A4A7-552FCF3FDCEA}.Debug|Any CPU.ActiveCfg = Debug|Any CPU
		{8E6E7055-E1F0-45AE-A4A7-552FCF3FDCEA}.Debug|Any CPU.Build.0 = Debug|Any CPU
		{8E6E7055-E1F0-45AE-A4A7-552FCF3FDCEA}.Release|Any CPU.ActiveCfg = Release|Any CPU
		{8E6E7055-E1F0-45AE-A4A7-552FCF3FDCEA}.Release|Any CPU.Build.0 = Release|Any CPU
		{80D2754D-6AE2-4487-BCA3-10A218D31231}.Debug|Any CPU.ActiveCfg = Debug|Any CPU
		{80D2754D-6AE2-4487-BCA3-10A218D31231}.Debug|Any CPU.Build.0 = Debug|Any CPU
		{80D2754D-6AE2-4487-BCA3-10A218D31231}.Release|Any CPU.ActiveCfg = Release|Any CPU
		{80D2754D-6AE2-4487-BCA3-10A218D31231}.Release|Any CPU.Build.0 = Release|Any CPU
		{EC6AC0DF-DD14-4F32-9C99-956D0DD51441}.Debug|Any CPU.ActiveCfg = Debug|Any CPU
		{EC6AC0DF-DD14-4F32-9C99-956D0DD51441}.Debug|Any CPU.Build.0 = Debug|Any CPU
		{EC6AC0DF-DD14-4F32-9C99-956D0DD51441}.Release|Any CPU.ActiveCfg = Release|Any CPU
		{EC6AC0DF-DD14-4F32-9C99-956D0DD51441}.Release|Any CPU.Build.0 = Release|Any CPU
		{841A99F3-31E0-41D1-BAFB-FC680FB0F2B6}.Debug|Any CPU.ActiveCfg = Debug|Any CPU
		{841A99F3-31E0-41D1-BAFB-FC680FB0F2B6}.Debug|Any CPU.Build.0 = Debug|Any CPU
		{841A99F3-31E0-41D1-BAFB-FC680FB0F2B6}.Release|Any CPU.ActiveCfg = Release|Any CPU
		{841A99F3-31E0-41D1-BAFB-FC680FB0F2B6}.Release|Any CPU.Build.0 = Release|Any CPU
		{844C92D9-4D1C-4784-8133-B6EDD0D7500A}.Debug|Any CPU.ActiveCfg = Debug|Any CPU
		{844C92D9-4D1C-4784-8133-B6EDD0D7500A}.Debug|Any CPU.Build.0 = Debug|Any CPU
		{844C92D9-4D1C-4784-8133-B6EDD0D7500A}.Release|Any CPU.ActiveCfg = Release|Any CPU
		{844C92D9-4D1C-4784-8133-B6EDD0D7500A}.Release|Any CPU.Build.0 = Release|Any CPU
		{B5C45AEC-E41F-4F4D-844A-9C3DE5963935}.Debug|Any CPU.ActiveCfg = Debug|Any CPU
		{B5C45AEC-E41F-4F4D-844A-9C3DE5963935}.Debug|Any CPU.Build.0 = Debug|Any CPU
		{B5C45AEC-E41F-4F4D-844A-9C3DE5963935}.Release|Any CPU.ActiveCfg = Release|Any CPU
		{B5C45AEC-E41F-4F4D-844A-9C3DE5963935}.Release|Any CPU.Build.0 = Release|Any CPU
	EndGlobalSection
	GlobalSection(SolutionProperties) = preSolution
		HideSolutionNode = FALSE
	EndGlobalSection
	GlobalSection(NestedProjects) = preSolution
		{8E6E7055-E1F0-45AE-A4A7-552FCF3FDCEA} = {01156AAD-9395-4C3F-9904-9BE2BE1D254F}
		{80D2754D-6AE2-4487-BCA3-10A218D31231} = {01156AAD-9395-4C3F-9904-9BE2BE1D254F}
		{EC6AC0DF-DD14-4F32-9C99-956D0DD51441} = {01156AAD-9395-4C3F-9904-9BE2BE1D254F}
		{841A99F3-31E0-41D1-BAFB-FC680FB0F2B6} = {01156AAD-9395-4C3F-9904-9BE2BE1D254F}
		{844C92D9-4D1C-4784-8133-B6EDD0D7500A} = {01156AAD-9395-4C3F-9904-9BE2BE1D254F}
		{B5C45AEC-E41F-4F4D-844A-9C3DE5963935} = {01156AAD-9395-4C3F-9904-9BE2BE1D254F}
		{6AB68530-D8C1-4C60-B7CD-AC3B85556268} = {F826DC41-0CFD-4541-861A-BCF217DA5C00}
		{CF6CF204-87F6-4F22-95EF-80761042CCFF} = {6AB68530-D8C1-4C60-B7CD-AC3B85556268}
		{EA7FF12F-3FC2-43B5-94B4-FB1FE5644C25} = {5CAC4D9F-7F8D-461F-8523-F23BDAC742EB}
		{01156AAD-9395-4C3F-9904-9BE2BE1D254F} = {5CAC4D9F-7F8D-461F-8523-F23BDAC742EB}
	EndGlobalSection
	GlobalSection(ExtensibilityGlobals) = postSolution
		SolutionGuid = {75656354-DF86-4C6A-9730-D796B6EB3A13}
	EndGlobalSection
EndGlobal
